
Microsoft Visual Studio Solution File, Format Version 12.00
# Visual Studio 2012
Project("{FAE04EC0-301F-11D3-BF4B-00C04F79EFBC}") = "chess", "chess\chess.csproj", "{BBAB7781-1B4B-4327-9098-97B9A04B0452}"
EndProject
Global
	GlobalSection(SolutionConfigurationPlatforms) = preSolution
		Debug|Any CPU = Debug|Any CPU
		Release|Any CPU = Release|Any CPU
	EndGlobalSection
	GlobalSection(ProjectConfigurationPlatforms) = postSolution
		{BBAB7781-1B4B-4327-9098-97B9A04B0452}.Debug|Any CPU.ActiveCfg = Debug|Any CPU
		{BBAB7781-1B4B-4327-9098-97B9A04B0452}.Debug|Any CPU.Build.0 = Debug|Any CPU
		{BBAB7781-1B4B-4327-9098-97B9A04B0452}.Release|Any CPU.ActiveCfg = Release|Any CPU
		{BBAB7781-1B4B-4327-9098-97B9A04B0452}.Release|Any CPU.Build.0 = Release|Any CPU
	EndGlobalSection
	GlobalSection(SolutionProperties) = preSolution
		HideSolutionNode = FALSE
	EndGlobalSection
EndGlobal
